// !$*UTF8*$!
{
	archiveVersion = 1;
	classes = {
	};
	objectVersion = 46;
	objects = {

/* Begin PBXBuildFile section */
		B3149A251AB7D9BC00C4845C /* TRGDetailViewController.m in Sources */ = {isa = PBXBuildFile; fileRef = B3149A241AB7D9BC00C4845C /* TRGDetailViewController.m */; };
		B3149A271AB7DC3C00C4845C /* CoreBluetooth.framework in Frameworks */ = {isa = PBXBuildFile; fileRef = B3149A261AB7DC3C00C4845C /* CoreBluetooth.framework */; };
		B3813DCC1AB4D26200A37690 /* main.m in Sources */ = {isa = PBXBuildFile; fileRef = B3813DCB1AB4D26200A37690 /* main.m */; };
		B3813DCF1AB4D26200A37690 /* AppDelegate.m in Sources */ = {isa = PBXBuildFile; fileRef = B3813DCE1AB4D26200A37690 /* AppDelegate.m */; };
		B3813DD21AB4D26200A37690 /* ViewController.m in Sources */ = {isa = PBXBuildFile; fileRef = B3813DD11AB4D26200A37690 /* ViewController.m */; };
		B3813DD51AB4D26200A37690 /* Main.storyboard in Resources */ = {isa = PBXBuildFile; fileRef = B3813DD31AB4D26200A37690 /* Main.storyboard */; };
		B3813DD71AB4D26200A37690 /* Images.xcassets in Resources */ = {isa = PBXBuildFile; fileRef = B3813DD61AB4D26200A37690 /* Images.xcassets */; };
		B3813DDA1AB4D26200A37690 /* LaunchScreen.xib in Resources */ = {isa = PBXBuildFile; fileRef = B3813DD81AB4D26200A37690 /* LaunchScreen.xib */; };
		B3813DE61AB4D26200A37690 /* TriangulatorTests.m in Sources */ = {isa = PBXBuildFile; fileRef = B3813DE51AB4D26200A37690 /* TriangulatorTests.m */; };
/* End PBXBuildFile section */

/* Begin PBXContainerItemProxy section */
		B3813DE01AB4D26200A37690 /* PBXContainerItemProxy */ = {
			isa = PBXContainerItemProxy;
			containerPortal = B3813DBE1AB4D26200A37690 /* Project object */;
			proxyType = 1;
			remoteGlobalIDString = B3813DC51AB4D26200A37690;
			remoteInfo = Triangulator;
		};
/* End PBXContainerItemProxy section */

/* Begin PBXFileReference section */
		B3149A231AB7D9BC00C4845C /* TRGDetailViewController.h */ = {isa = PBXFileReference; fileEncoding = 4; lastKnownFileType = sourcecode.c.h; path = TRGDetailViewController.h; sourceTree = "<group>"; };
		B3149A241AB7D9BC00C4845C /* TRGDetailViewController.m */ = {isa = PBXFileReference; fileEncoding = 4; lastKnownFileType = sourcecode.c.objc; path = TRGDetailViewController.m; sourceTree = "<group>"; };
		B3149A261AB7DC3C00C4845C /* CoreBluetooth.framework */ = {isa = PBXFileReference; lastKnownFileType = wrapper.framework; name = CoreBluetooth.framework; path = System/Library/Frameworks/CoreBluetooth.framework; sourceTree = SDKROOT; };
		B3813DC61AB4D26200A37690 /* Triangulator.app */ = {isa = PBXFileReference; explicitFileType = wrapper.application; includeInIndex = 0; path = Triangulator.app; sourceTree = BUILT_PRODUCTS_DIR; };
		B3813DCA1AB4D26200A37690 /* Info.plist */ = {isa = PBXFileReference; lastKnownFileType = text.plist.xml; path = Info.plist; sourceTree = "<group>"; };
		B3813DCB1AB4D26200A37690 /* main.m */ = {isa = PBXFileReference; lastKnownFileType = sourcecode.c.objc; path = main.m; sourceTree = "<group>"; };
		B3813DCD1AB4D26200A37690 /* AppDelegate.h */ = {isa = PBXFileReference; lastKnownFileType = sourcecode.c.h; path = AppDelegate.h; sourceTree = "<group>"; };
		B3813DCE1AB4D26200A37690 /* AppDelegate.m */ = {isa = PBXFileReference; lastKnownFileType = sourcecode.c.objc; path = AppDelegate.m; sourceTree = "<group>"; };
		B3813DD01AB4D26200A37690 /* ViewController.h */ = {isa = PBXFileReference; lastKnownFileType = sourcecode.c.h; path = ViewController.h; sourceTree = "<group>"; };
		B3813DD11AB4D26200A37690 /* ViewController.m */ = {isa = PBXFileReference; lastKnownFileType = sourcecode.c.objc; path = ViewController.m; sourceTree = "<group>"; };
		B3813DD41AB4D26200A37690 /* Base */ = {isa = PBXFileReference; lastKnownFileType = file.storyboard; name = Base; path = Base.lproj/Main.storyboard; sourceTree = "<group>"; };
		B3813DD61AB4D26200A37690 /* Images.xcassets */ = {isa = PBXFileReference; lastKnownFileType = folder.assetcatalog; path = Images.xcassets; sourceTree = "<group>"; };
		B3813DD91AB4D26200A37690 /* Base */ = {isa = PBXFileReference; lastKnownFileType = file.xib; name = Base; path = Base.lproj/LaunchScreen.xib; sourceTree = "<group>"; };
		B3813DDF1AB4D26200A37690 /* TriangulatorTests.xctest */ = {isa = PBXFileReference; explicitFileType = wrapper.cfbundle; includeInIndex = 0; path = TriangulatorTests.xctest; sourceTree = BUILT_PRODUCTS_DIR; };
		B3813DE41AB4D26200A37690 /* Info.plist */ = {isa = PBXFileReference; lastKnownFileType = text.plist.xml; path = Info.plist; sourceTree = "<group>"; };
		B3813DE51AB4D26200A37690 /* TriangulatorTests.m */ = {isa = PBXFileReference; lastKnownFileType = sourcecode.c.objc; path = TriangulatorTests.m; sourceTree = "<group>"; };
/* End PBXFileReference section */

/* Begin PBXFrameworksBuildPhase section */
		B3813DC31AB4D26200A37690 /* Frameworks */ = {
			isa = PBXFrameworksBuildPhase;
			buildActionMask = 2147483647;
			files = (
				B3149A271AB7DC3C00C4845C /* CoreBluetooth.framework in Frameworks */,
			);
			runOnlyForDeploymentPostprocessing = 0;
		};
		B3813DDC1AB4D26200A37690 /* Frameworks */ = {
			isa = PBXFrameworksBuildPhase;
			buildActionMask = 2147483647;
			files = (
			);
			runOnlyForDeploymentPostprocessing = 0;
		};
/* End PBXFrameworksBuildPhase section */

/* Begin PBXGroup section */
		B3813DBD1AB4D26200A37690 = {
			isa = PBXGroup;
			children = (
				B3149A261AB7DC3C00C4845C /* CoreBluetooth.framework */,
				B3813DC81AB4D26200A37690 /* Triangulator */,
				B3813DE21AB4D26200A37690 /* TriangulatorTests */,
				B3813DC71AB4D26200A37690 /* Products */,
			);
			sourceTree = "<group>";
		};
		B3813DC71AB4D26200A37690 /* Products */ = {
			isa = PBXGroup;
			children = (
				B3813DC61AB4D26200A37690 /* Triangulator.app */,
				B3813DDF1AB4D26200A37690 /* TriangulatorTests.xctest */,
			);
			name = Products;
			sourceTree = "<group>";
		};
		B3813DC81AB4D26200A37690 /* Triangulator */ = {
			isa = PBXGroup;
			children = (
				B3813DCD1AB4D26200A37690 /* AppDelegate.h */,
				B3813DCE1AB4D26200A37690 /* AppDelegate.m */,
				B3813DD01AB4D26200A37690 /* ViewController.h */,
				B3813DD11AB4D26200A37690 /* ViewController.m */,
				B3149A231AB7D9BC00C4845C /* TRGDetailViewController.h */,
				B3149A241AB7D9BC00C4845C /* TRGDetailViewController.m */,
				B3813DD31AB4D26200A37690 /* Main.storyboard */,
				B3813DD61AB4D26200A37690 /* Images.xcassets */,
				B3813DD81AB4D26200A37690 /* LaunchScreen.xib */,
				B3813DC91AB4D26200A37690 /* Supporting Files */,
			);
			path = Triangulator;
			sourceTree = "<group>";
		};
		B3813DC91AB4D26200A37690 /* Supporting Files */ = {
			isa = PBXGroup;
			children = (
				B3813DCA1AB4D26200A37690 /* Info.plist */,
				B3813DCB1AB4D26200A37690 /* main.m */,
			);
			name = "Supporting Files";
			sourceTree = "<group>";
		};
		B3813DE21AB4D26200A37690 /* TriangulatorTests */ = {
			isa = PBXGroup;
			children = (
				B3813DE51AB4D26200A37690 /* TriangulatorTests.m */,
				B3813DE31AB4D26200A37690 /* Supporting Files */,
			);
			path = TriangulatorTests;
			sourceTree = "<group>";
		};
		B3813DE31AB4D26200A37690 /* Supporting Files */ = {
			isa = PBXGroup;
			children = (
				B3813DE41AB4D26200A37690 /* Info.plist */,
			);
			name = "Supporting Files";
			sourceTree = "<group>";
		};
/* End PBXGroup section */

/* Begin PBXNativeTarget section */
		B3813DC51AB4D26200A37690 /* Triangulator */ = {
			isa = PBXNativeTarget;
			buildConfigurationList = B3813DE91AB4D26200A37690 /* Build configuration list for PBXNativeTarget "Triangulator" */;
			buildPhases = (
				B3813DC21AB4D26200A37690 /* Sources */,
				B3813DC31AB4D26200A37690 /* Frameworks */,
				B3813DC41AB4D26200A37690 /* Resources */,
			);
			buildRules = (
			);
			dependencies = (
			);
			name = Triangulator;
			productName = Triangulator;
			productReference = B3813DC61AB4D26200A37690 /* Triangulator.app */;
			productType = "com.apple.product-type.application";
		};
		B3813DDE1AB4D26200A37690 /* TriangulatorTests */ = {
			isa = PBXNativeTarget;
			buildConfigurationList = B3813DEC1AB4D26200A37690 /* Build configuration list for PBXNativeTarget "TriangulatorTests" */;
			buildPhases = (
				B3813DDB1AB4D26200A37690 /* Sources */,
				B3813DDC1AB4D26200A37690 /* Frameworks */,
				B3813DDD1AB4D26200A37690 /* Resources */,
			);
			buildRules = (
			);
			dependencies = (
				B3813DE11AB4D26200A37690 /* PBXTargetDependency */,
			);
			name = TriangulatorTests;
			productName = TriangulatorTests;
			productReference = B3813DDF1AB4D26200A37690 /* TriangulatorTests.xctest */;
			productType = "com.apple.product-type.bundle.unit-test";
		};
/* End PBXNativeTarget section */

/* Begin PBXProject section */
		B3813DBE1AB4D26200A37690 /* Project object */ = {
			isa = PBXProject;
			attributes = {
				LastUpgradeCheck = 0620;
				ORGANIZATIONNAME = "Zeke Shearer";
				TargetAttributes = {
					B3813DC51AB4D26200A37690 = {
						CreatedOnToolsVersion = 6.2;
					};
					B3813DDE1AB4D26200A37690 = {
						CreatedOnToolsVersion = 6.2;
						TestTargetID = B3813DC51AB4D26200A37690;
					};
				};
			};
			buildConfigurationList = B3813DC11AB4D26200A37690 /* Build configuration list for PBXProject "Triangulator" */;
			compatibilityVersion = "Xcode 3.2";
			developmentRegion = English;
			hasScannedForEncodings = 0;
			knownRegions = (
				en,
				Base,
			);
			mainGroup = B3813DBD1AB4D26200A37690;
			productRefGroup = B3813DC71AB4D26200A37690 /* Products */;
			projectDirPath = "";
			projectRoot = "";
			targets = (
				B3813DC51AB4D26200A37690 /* Triangulator */,
				B3813DDE1AB4D26200A37690 /* TriangulatorTests */,
			);
		};
/* End PBXProject section */

/* Begin PBXResourcesBuildPhase section */
		B3813DC41AB4D26200A37690 /* Resources */ = {
			isa = PBXResourcesBuildPhase;
			buildActionMask = 2147483647;
			files = (
				B3813DD51AB4D26200A37690 /* Main.storyboard in Resources */,
				B3813DDA1AB4D26200A37690 /* LaunchScreen.xib in Resources */,
				B3813DD71AB4D26200A37690 /* Images.xcassets in Resources */,
			);
			runOnlyForDeploymentPostprocessing = 0;
		};
		B3813DDD1AB4D26200A37690 /* Resources */ = {
			isa = PBXResourcesBuildPhase;
			buildActionMask = 2147483647;
			files = (
			);
			runOnlyForDeploymentPostprocessing = 0;
		};
/* End PBXResourcesBuildPhase section */

/* Begin PBXSourcesBuildPhase section */
		B3813DC21AB4D26200A37690 /* Sources */ = {
			isa = PBXSourcesBuildPhase;
			buildActionMask = 2147483647;
			files = (
				B3813DD21AB4D26200A37690 /* ViewController.m in Sources */,
				B3813DCF1AB4D26200A37690 /* AppDelegate.m in Sources */,
				B3813DCC1AB4D26200A37690 /* main.m in Sources */,
				B3149A251AB7D9BC00C4845C /* TRGDetailViewController.m in Sources */,
			);
			runOnlyForDeploymentPostprocessing = 0;
		};
		B3813DDB1AB4D26200A37690 /* Sources */ = {
			isa = PBXSourcesBuildPhase;
			buildActionMask = 2147483647;
			files = (
				B3813DE61AB4D26200A37690 /* TriangulatorTests.m in Sources */,
			);
			runOnlyForDeploymentPostprocessing = 0;
		};
/* End PBXSourcesBuildPhase section */

/* Begin PBXTargetDependency section */
		B3813DE11AB4D26200A37690 /* PBXTargetDependency */ = {
			isa = PBXTargetDependency;
			target = B3813DC51AB4D26200A37690 /* Triangulator */;
			targetProxy = B3813DE01AB4D26200A37690 /* PBXContainerItemProxy */;
		};
/* End PBXTargetDependency section */

/* Begin PBXVariantGroup section */
		B3813DD31AB4D26200A37690 /* Main.storyboard */ = {
			isa = PBXVariantGroup;
			children = (
				B3813DD41AB4D26200A37690 /* Base */,
			);
			name = Main.storyboard;
			sourceTree = "<group>";
		};
		B3813DD81AB4D26200A37690 /* LaunchScreen.xib */ = {
			isa = PBXVariantGroup;
			children = (
				B3813DD91AB4D26200A37690 /* Base */,
			);
			name = LaunchScreen.xib;
			sourceTree = "<group>";
		};
/* End PBXVariantGroup section */

/* Begin XCBuildConfiguration section */
		B3813DE71AB4D26200A37690 /* Debug */ = {
			isa = XCBuildConfiguration;
			buildSettings = {
				ALWAYS_SEARCH_USER_PATHS = NO;
				CLANG_CXX_LANGUAGE_STANDARD = "gnu++0x";
				CLANG_CXX_LIBRARY = "libc++";
				CLANG_ENABLE_MODULES = YES;
				CLANG_ENABLE_OBJC_ARC = YES;
				CLANG_WARN_BOOL_CONVERSION = YES;
				CLANG_WARN_CONSTANT_CONVERSION = YES;
				CLANG_WARN_DIRECT_OBJC_ISA_USAGE = YES_ERROR;
				CLANG_WARN_EMPTY_BODY = YES;
				CLANG_WARN_ENUM_CONVERSION = YES;
				CLANG_WARN_INT_CONVERSION = YES;
				CLANG_WARN_OBJC_ROOT_CLASS = YES_ERROR;
				CLANG_WARN_UNREACHABLE_CODE = YES;
				CLANG_WARN__DUPLICATE_METHOD_MATCH = YES;
				"CODE_SIGN_IDENTITY[sdk=iphoneos*]" = "iPhone Developer";
				COPY_PHASE_STRIP = NO;
				ENABLE_STRICT_OBJC_MSGSEND = YES;
				GCC_C_LANGUAGE_STANDARD = gnu99;
				GCC_DYNAMIC_NO_PIC = NO;
				GCC_OPTIMIZATION_LEVEL = 0;
				GCC_PREPROCESSOR_DEFINITIONS = (
					"DEBUG=1",
					"$(inherited)",
				);
				GCC_SYMBOLS_PRIVATE_EXTERN = NO;
				GCC_WARN_64_TO_32_BIT_CONVERSION = YES;
				GCC_WARN_ABOUT_RETURN_TYPE = YES_ERROR;
				GCC_WARN_UNDECLARED_SELECTOR = YES;
				GCC_WARN_UNINITIALIZED_AUTOS = YES_AGGRESSIVE;
				GCC_WARN_UNUSED_FUNCTION = YES;
				GCC_WARN_UNUSED_VARIABLE = YES;
				IPHONEOS_DEPLOYMENT_TARGET = 8.2;
				MTL_ENABLE_DEBUG_INFO = YES;
				ONLY_ACTIVE_ARCH = YES;
				SDKROOT = iphoneos;
			};
			name = Debug;
		};
		B3813DE81AB4D26200A37690 /* Release */ = {
			isa = XCBuildConfiguration;
			buildSettings = {
				ALWAYS_SEARCH_USER_PATHS = NO;
				CLANG_CXX_LANGUAGE_STANDARD = "gnu++0x";
				CLANG_CXX_LIBRARY = "libc++";
				CLANG_ENABLE_MODULES = YES;
				CLANG_ENABLE_OBJC_ARC = YES;
				CLANG_WARN_BOOL_CONVERSION = YES;
				CLANG_WARN_CONSTANT_CONVERSION = YES;
				CLANG_WARN_DIRECT_OBJC_ISA_USAGE = YES_ERROR;
				CLANG_WARN_EMPTY_BODY = YES;
				CLANG_WARN_ENUM_CONVERSION = YES;
				CLANG_WARN_INT_CONVERSION = YES;
				CLANG_WARN_OBJC_ROOT_CLASS = YES_ERROR;
				CLANG_WARN_UNREACHABLE_CODE = YES;
				CLANG_WARN__DUPLICATE_METHOD_MATCH = YES;
				"CODE_SIGN_IDENTITY[sdk=iphoneos*]" = "iPhone Developer";
				COPY_PHASE_STRIP = NO;
				ENABLE_NS_ASSERTIONS = NO;
				ENABLE_STRICT_OBJC_MSGSEND = YES;
				GCC_C_LANGUAGE_STANDARD = gnu99;
				GCC_WARN_64_TO_32_BIT_CONVERSION = YES;
				GCC_WARN_ABOUT_RETURN_TYPE = YES_ERROR;
				GCC_WARN_UNDECLARED_SELECTOR = YES;
				GCC_WARN_UNINITIALIZED_AUTOS = YES_AGGRESSIVE;
				GCC_WARN_UNUSED_FUNCTION = YES;
				GCC_WARN_UNUSED_VARIABLE = YES;
				IPHONEOS_DEPLOYMENT_TARGET = 8.2;
				MTL_ENABLE_DEBUG_INFO = NO;
				SDKROOT = iphoneos;
				VALIDATE_PRODUCT = YES;
			};
			name = Release;
		};
		B3813DEA1AB4D26200A37690 /* Debug */ = {
			isa = XCBuildConfiguration;
			buildSettings = {
				ASSETCATALOG_COMPILER_APPICON_NAME = AppIcon;
				INFOPLIST_FILE = Triangulator/Info.plist;
				LD_RUNPATH_SEARCH_PATHS = "$(inherited) @executable_path/Frameworks";
				PRODUCT_NAME = "$(TARGET_NAME)";
			};
			name = Debug;
		};
		B3813DEB1AB4D26200A37690 /* Release */ = {
			isa = XCBuildConfiguration;
			buildSettings = {
				ASSETCATALOG_COMPILER_APPICON_NAME = AppIcon;
				INFOPLIST_FILE = Triangulator/Info.plist;
				LD_RUNPATH_SEARCH_PATHS = "$(inherited) @executable_path/Frameworks";
				PRODUCT_NAME = "$(TARGET_NAME)";
			};
			name = Release;
		};
		B3813DED1AB4D26200A37690 /* Debug */ = {
			isa = XCBuildConfiguration;
			buildSettings = {
				BUNDLE_LOADER = "$(TEST_HOST)";
				FRAMEWORK_SEARCH_PATHS = (
					"$(SDKROOT)/Developer/Library/Frameworks",
					"$(inherited)",
				);
				GCC_PREPROCESSOR_DEFINITIONS = (
					"DEBUG=1",
					"$(inherited)",
				);
				INFOPLIST_FILE = TriangulatorTests/Info.plist;
				LD_RUNPATH_SEARCH_PATHS = "$(inherited) @executable_path/Frameworks @loader_path/Frameworks";
				PRODUCT_NAME = "$(TARGET_NAME)";
				TEST_HOST = "$(BUILT_PRODUCTS_DIR)/Triangulator.app/Triangulator";
			};
			name = Debug;
		};
		B3813DEE1AB4D26200A37690 /* Release */ = {
			isa = XCBuildConfiguration;
			buildSettings = {
				BUNDLE_LOADER = "$(TEST_HOST)";
				FRAMEWORK_SEARCH_PATHS = (
					"$(SDKROOT)/Developer/Library/Frameworks",
					"$(inherited)",
				);
				INFOPLIST_FILE = TriangulatorTests/Info.plist;
				LD_RUNPATH_SEARCH_PATHS = "$(inherited) @executable_path/Frameworks @loader_path/Frameworks";
				PRODUCT_NAME = "$(TARGET_NAME)";
				TEST_HOST = "$(BUILT_PRODUCTS_DIR)/Triangulator.app/Triangulator";
			};
			name = Release;
		};
/* End XCBuildConfiguration section */

/* Begin XCConfigurationList section */
		B3813DC11AB4D26200A37690 /* Build configuration list for PBXProject "Triangulator" */ = {
			isa = XCConfigurationList;
			buildConfigurations = (
				B3813DE71AB4D26200A37690 /* Debug */,
				B3813DE81AB4D26200A37690 /* Release */,
			);
			defaultConfigurationIsVisible = 0;
			defaultConfigurationName = Release;
		};
		B3813DE91AB4D26200A37690 /* Build configuration list for PBXNativeTarget "Triangulator" */ = {
			isa = XCConfigurationList;
			buildConfigurations = (
				B3813DEA1AB4D26200A37690 /* Debug */,
				B3813DEB1AB4D26200A37690 /* Release */,
			);
			defaultConfigurationIsVisible = 0;
			defaultConfigurationName = Release;
		};
		B3813DEC1AB4D26200A37690 /* Build configuration list for PBXNativeTarget "TriangulatorTests" */ = {
			isa = XCConfigurationList;
			buildConfigurations = (
				B3813DED1AB4D26200A37690 /* Debug */,
				B3813DEE1AB4D26200A37690 /* Release */,
			);
			defaultConfigurationIsVisible = 0;
			defaultConfigurationName = Release;
		};
/* End XCConfigurationList section */
	};
	rootObject = B3813DBE1AB4D26200A37690 /* Project object */;
}
